
Microsoft Visual Studio Solution File, Format Version 12.00
# Visual Studio Version 17
VisualStudioVersion = 17.13.35931.197 d17.13
MinimumVisualStudioVersion = 10.0.40219.1
Project("{FAE04EC0-301F-11D3-BF4B-00C04F79EFBC}") = "ABC Retail", "ABC Retail\ABC Retail.csproj", "{910FE2F8-3C13-4A55-BF28-03868E9DADD7}"
EndProject
Global
	GlobalSection(SolutionConfigurationPlatforms) = preSolution
		Debug|Any CPU = Debug|Any CPU
		Release|Any CPU = Release|Any CPU
	EndGlobalSection
	GlobalSection(ProjectConfigurationPlatforms) = postSolution
		{910FE2F8-3C13-4A55-BF28-03868E9DADD7}.Debug|Any CPU.ActiveCfg = Debug|Any CPU
		{910FE2F8-3C13-4A55-BF28-03868E9DADD7}.Debug|Any CPU.Build.0 = Debug|Any CPU
		{910FE2F8-3C13-4A55-BF28-03868E9DADD7}.Release|Any CPU.ActiveCfg = Release|Any CPU
		{910FE2F8-3C13-4A55-BF28-03868E9DADD7}.Release|Any CPU.Build.0 = Release|Any CPU
	EndGlobalSection
	GlobalSection(SolutionProperties) = preSolution
		HideSolutionNode = FALSE
	EndGlobalSection
	GlobalSection(ExtensibilityGlobals) = postSolution
		SolutionGuid = {E32BFE8E-A0F8-4068-9A6F-3E51825C6E6C}
	EndGlobalSection
EndGlobal
